
Microsoft Visual Studio Solution File, Format Version 12.00
# Visual Studio Version 16
VisualStudioVersion = 16.0.31205.134
MinimumVisualStudioVersion = 10.0.40219.1
Project("{FAE04EC0-301F-11D3-BF4B-00C04F79EFBC}") = "AutoRunWhenStart", "AutoRunWhenStart\AutoRunWhenStart.csproj", "{759B3E38-711C-45F9-BA93-0023D9770824}"
EndProject
Global
	GlobalSection(SolutionConfigurationPlatforms) = preSolution
		Debug|Any CPU = Debug|Any CPU
		Release|Any CPU = Release|Any CPU
	EndGlobalSection
	GlobalSection(ProjectConfigurationPlatforms) = postSolution
		{759B3E38-711C-45F9-BA93-0023D9770824}.Debug|Any CPU.ActiveCfg = Debug|Any CPU
		{759B3E38-711C-45F9-BA93-0023D9770824}.Debug|Any CPU.Build.0 = Debug|Any CPU
		{759B3E38-711C-45F9-BA93-0023D9770824}.Release|Any CPU.ActiveCfg = Release|Any CPU
		{759B3E38-711C-45F9-BA93-0023D9770824}.Release|Any CPU.Build.0 = Release|Any CPU
	EndGlobalSection
	GlobalSection(SolutionProperties) = preSolution
		HideSolutionNode = FALSE
	EndGlobalSection
	GlobalSection(ExtensibilityGlobals) = postSolution
		SolutionGuid = {0234D8F0-00D5-479D-A32C-1D10396574DA}
	EndGlobalSection
EndGlobal
